
Microsoft Visual Studio Solution File, Format Version 12.00
# Visual Studio Version 16
VisualStudioVersion = 16.0.34729.46
MinimumVisualStudioVersion = 10.0.40219.1
Project("{FAE04EC0-301F-11D3-BF4B-00C04F79EFBC}") = "DecimalFinder", "DecimalFinder.csproj", "{D388A189-F860-42CD-A187-4B74B886742A}"
EndProject
Global
	GlobalSection(SolutionConfigurationPlatforms) = preSolution
		Debug|Any CPU = Debug|Any CPU
		Release|Any CPU = Release|Any CPU
	EndGlobalSection
	GlobalSection(ProjectConfigurationPlatforms) = postSolution
		{D388A189-F860-42CD-A187-4B74B886742A}.Debug|Any CPU.ActiveCfg = Debug|Any CPU
		{D388A189-F860-42CD-A187-4B74B886742A}.Debug|Any CPU.Build.0 = Debug|Any CPU
		{D388A189-F860-42CD-A187-4B74B886742A}.Release|Any CPU.ActiveCfg = Release|Any CPU
		{D388A189-F860-42CD-A187-4B74B886742A}.Release|Any CPU.Build.0 = Release|Any CPU
	EndGlobalSection
	GlobalSection(SolutionProperties) = preSolution
		HideSolutionNode = FALSE
	EndGlobalSection
	GlobalSection(ExtensibilityGlobals) = postSolution
		SolutionGuid = {464044AF-7299-4671-98F3-207F4B8DC281}
	EndGlobalSection
EndGlobal
